{
  "name": "notiontosite",
  "lockfileVersion": 3,
  "requires": true,
  "packages": {
    "": {
      "dependencies": {
        "fuse.js": "^7.4.1"
      }
    },
    "node_modules/fuse.js": {
      "version": "7.4.1",
      "resolved": "https://registry.npmjs.org/fuse.js/-/fuse.js-7.4.1.tgz",
      "integrity": "sha512-AY7lKAXK71hi3WgUvDy6oZL67UEHOOtvCAwVdOXHyJd6ZzftBy7QqxuXt4HxmmAhYjmp/YCuOELZtIvAdlZ+fw==",
      "license": "Apache-2.0",
      "engines": {
        "node": ">=10"
      },
      "funding": {
        "type": "github",
        "url": "https://github.com/sponsors/krisk"
      }
    }
  }
}
